// !$*UTF8*$!
{
	archiveVersion = 1;
	classes = {
	};
	objectVersion = 50;
	objects = {

/* Begin PBXBuildFile section */
		8539244D2267CB1A00574E6D /* LinkedBag340.cpp in Sources */ = {isa = PBXBuildFile; fileRef = 853924462267CB1900574E6D /* LinkedBag340.cpp */; };
		8539244E2267CB1A00574E6D /* LinkedBag.cpp in Sources */ = {isa = PBXBuildFile; fileRef = 853924472267CB1900574E6D /* LinkedBag.cpp */; };
		8539244F2267CB1A00574E6D /* Node.cpp in Sources */ = {isa = PBXBuildFile; fileRef = 853924482267CB1A00574E6D /* Node.cpp */; };
		853924502267CB1A00574E6D /* LinkedBagClient340.cpp in Sources */ = {isa = PBXBuildFile; fileRef = 853924492267CB1A00574E6D /* LinkedBagClient340.cpp */; };
/* End PBXBuildFile section */

/* Begin PBXCopyFilesBuildPhase section */
		853924332267CA1000574E6D /* CopyFiles */ = {
			isa = PBXCopyFilesBuildPhase;
			buildActionMask = 2147483647;
			dstPath = /usr/share/man/man1/;
			dstSubfolderSpec = 0;
			files = (
			);
			runOnlyForDeploymentPostprocessing = 1;
		};
/* End PBXCopyFilesBuildPhase section */

/* Begin PBXFileReference section */
		853924352267CA1000574E6D /* Assignment3PartB */ = {isa = PBXFileReference; explicitFileType = "compiled.mach-o.executable"; includeInIndex = 0; path = Assignment3PartB; sourceTree = BUILT_PRODUCTS_DIR; };
		853924452267CB1900574E6D /* Include.h */ = {isa = PBXFileReference; fileEncoding = 4; lastKnownFileType = sourcecode.c.h; path = Include.h; sourceTree = "<group>"; };
		853924462267CB1900574E6D /* LinkedBag340.cpp */ = {isa = PBXFileReference; fileEncoding = 4; lastKnownFileType = sourcecode.cpp.cpp; path = LinkedBag340.cpp; sourceTree = "<group>"; };
		853924472267CB1900574E6D /* LinkedBag.cpp */ = {isa = PBXFileReference; fileEncoding = 4; lastKnownFileType = sourcecode.cpp.cpp; name = LinkedBag.cpp; path = "../../Assignment-03-Code/LinkedBag.cpp"; sourceTree = "<group>"; };
		853924482267CB1A00574E6D /* Node.cpp */ = {isa = PBXFileReference; fileEncoding = 4; lastKnownFileType = sourcecode.cpp.cpp; name = Node.cpp; path = "../../Assignment-03-Code/Node.cpp"; sourceTree = "<group>"; };
		853924492267CB1A00574E6D /* LinkedBagClient340.cpp */ = {isa = PBXFileReference; fileEncoding = 4; lastKnownFileType = sourcecode.cpp.cpp; path = LinkedBagClient340.cpp; sourceTree = "<group>"; };
		8539244A2267CB1A00574E6D /* LinkedBag.h */ = {isa = PBXFileReference; fileEncoding = 4; lastKnownFileType = sourcecode.c.h; name = LinkedBag.h; path = "../../Assignment-03-Code/LinkedBag.h"; sourceTree = "<group>"; };
		8539244B2267CB1A00574E6D /* BagInterface.h */ = {isa = PBXFileReference; fileEncoding = 4; lastKnownFileType = sourcecode.c.h; path = BagInterface.h; sourceTree = "<group>"; };
		8539244C2267CB1A00574E6D /* Node.h */ = {isa = PBXFileReference; fileEncoding = 4; lastKnownFileType = sourcecode.c.h; path = Node.h; sourceTree = "<group>"; };
/* End PBXFileReference section */

/* Begin PBXFrameworksBuildPhase section */
		853924322267CA1000574E6D /* Frameworks */ = {
			isa = PBXFrameworksBuildPhase;
			buildActionMask = 2147483647;
			files = (
			);
			runOnlyForDeploymentPostprocessing = 0;
		};
/* End PBXFrameworksBuildPhase section */

/* Begin PBXGroup section */
		8539242C2267CA1000574E6D = {
			isa = PBXGroup;
			children = (
				853924372267CA1000574E6D /* Assignment3PartB */,
				853924362267CA1000574E6D /* Products */,
			);
			sourceTree = "<group>";
		};
		853924362267CA1000574E6D /* Products */ = {
			isa = PBXGroup;
			children = (
				853924352267CA1000574E6D /* Assignment3PartB */,
			);
			name = Products;
			sourceTree = "<group>";
		};
		853924372267CA1000574E6D /* Assignment3PartB */ = {
			isa = PBXGroup;
			children = (
				8539244B2267CB1A00574E6D /* BagInterface.h */,
				853924452267CB1900574E6D /* Include.h */,
				853924472267CB1900574E6D /* LinkedBag.cpp */,
				8539244A2267CB1A00574E6D /* LinkedBag.h */,
				853924462267CB1900574E6D /* LinkedBag340.cpp */,
				853924492267CB1A00574E6D /* LinkedBagClient340.cpp */,
				853924482267CB1A00574E6D /* Node.cpp */,
				8539244C2267CB1A00574E6D /* Node.h */,
			);
			path = Assignment3PartB;
			sourceTree = "<group>";
		};
/* End PBXGroup section */

/* Begin PBXNativeTarget section */
		853924342267CA1000574E6D /* Assignment3PartB */ = {
			isa = PBXNativeTarget;
			buildConfigurationList = 8539243C2267CA1000574E6D /* Build configuration list for PBXNativeTarget "Assignment3PartB" */;
			buildPhases = (
				853924312267CA1000574E6D /* Sources */,
				853924322267CA1000574E6D /* Frameworks */,
				853924332267CA1000574E6D /* CopyFiles */,
			);
			buildRules = (
			);
			dependencies = (
			);
			name = Assignment3PartB;
			productName = Assignment3PartB;
			productReference = 853924352267CA1000574E6D /* Assignment3PartB */;
			productType = "com.apple.product-type.tool";
		};
/* End PBXNativeTarget section */

/* Begin PBXProject section */
		8539242D2267CA1000574E6D /* Project object */ = {
			isa = PBXProject;
			attributes = {
				LastUpgradeCheck = 1020;
				ORGANIZATIONNAME = "Melissa Estrada";
				TargetAttributes = {
					853924342267CA1000574E6D = {
						CreatedOnToolsVersion = 10.2;
					};
				};
			};
			buildConfigurationList = 853924302267CA1000574E6D /* Build configuration list for PBXProject "Assignment3PartB" */;
			compatibilityVersion = "Xcode 9.3";
			developmentRegion = en;
			hasScannedForEncodings = 0;
			knownRegions = (
				en,
			);
			mainGroup = 8539242C2267CA1000574E6D;
			productRefGroup = 853924362267CA1000574E6D /* Products */;
			projectDirPath = "";
			projectRoot = "";
			targets = (
				853924342267CA1000574E6D /* Assignment3PartB */,
			);
		};
/* End PBXProject section */

/* Begin PBXSourcesBuildPhase section */
		853924312267CA1000574E6D /* Sources */ = {
			isa = PBXSourcesBuildPhase;
			buildActionMask = 2147483647;
			files = (
				8539244F2267CB1A00574E6D /* Node.cpp in Sources */,
				8539244D2267CB1A00574E6D /* LinkedBag340.cpp in Sources */,
				853924502267CB1A00574E6D /* LinkedBagClient340.cpp in Sources */,
				8539244E2267CB1A00574E6D /* LinkedBag.cpp in Sources */,
			);
			runOnlyForDeploymentPostprocessing = 0;
		};
/* End PBXSourcesBuildPhase section */

/* Begin XCBuildConfiguration section */
		8539243A2267CA1000574E6D /* Debug */ = {
			isa = XCBuildConfiguration;
			buildSettings = {
				ALWAYS_SEARCH_USER_PATHS = NO;
				CLANG_ANALYZER_NONNULL = YES;
				CLANG_ANALYZER_NUMBER_OBJECT_CONVERSION = YES_AGGRESSIVE;
				CLANG_CXX_LANGUAGE_STANDARD = "gnu++14";
				CLANG_CXX_LIBRARY = "libc++";
				CLANG_ENABLE_MODULES = YES;
				CLANG_ENABLE_OBJC_ARC = YES;
				CLANG_ENABLE_OBJC_WEAK = YES;
				CLANG_WARN_BLOCK_CAPTURE_AUTORELEASING = YES;
				CLANG_WARN_BOOL_CONVERSION = YES;
				CLANG_WARN_COMMA = YES;
				CLANG_WARN_CONSTANT_CONVERSION = YES;
				CLANG_WARN_DEPRECATED_OBJC_IMPLEMENTATIONS = YES;
				CLANG_WARN_DIRECT_OBJC_ISA_USAGE = YES_ERROR;
				CLANG_WARN_DOCUMENTATION_COMMENTS = YES;
				CLANG_WARN_EMPTY_BODY = YES;
				CLANG_WARN_ENUM_CONVERSION = YES;
				CLANG_WARN_INFINITE_RECURSION = YES;
				CLANG_WARN_INT_CONVERSION = YES;
				CLANG_WARN_NON_LITERAL_NULL_CONVERSION = YES;
				CLANG_WARN_OBJC_IMPLICIT_RETAIN_SELF = YES;
				CLANG_WARN_OBJC_LITERAL_CONVERSION = YES;
				CLANG_WARN_OBJC_ROOT_CLASS = YES_ERROR;
				CLANG_WARN_RANGE_LOOP_ANALYSIS = YES;
				CLANG_WARN_STRICT_PROTOTYPES = YES;
				CLANG_WARN_SUSPICIOUS_MOVE = YES;
				CLANG_WARN_UNGUARDED_AVAILABILITY = YES_AGGRESSIVE;
				CLANG_WARN_UNREACHABLE_CODE = YES;
				CLANG_WARN__DUPLICATE_METHOD_MATCH = YES;
				CODE_SIGN_IDENTITY = "-";
				COPY_PHASE_STRIP = NO;
				DEBUG_INFORMATION_FORMAT = dwarf;
				ENABLE_STRICT_OBJC_MSGSEND = YES;
				ENABLE_TESTABILITY = YES;
				GCC_C_LANGUAGE_STANDARD = gnu11;
				GCC_DYNAMIC_NO_PIC = NO;
				GCC_NO_COMMON_BLOCKS = YES;
				GCC_OPTIMIZATION_LEVEL = 0;
				GCC_PREPROCESSOR_DEFINITIONS = (
					"DEBUG=1",
					"$(inherited)",
				);
				GCC_WARN_64_TO_32_BIT_CONVERSION = YES;
				GCC_WARN_ABOUT_RETURN_TYPE = YES_ERROR;
				GCC_WARN_UNDECLARED_SELECTOR = YES;
				GCC_WARN_UNINITIALIZED_AUTOS = YES_AGGRESSIVE;
				GCC_WARN_UNUSED_FUNCTION = YES;
				GCC_WARN_UNUSED_VARIABLE = YES;
				MACOSX_DEPLOYMENT_TARGET = 10.14;
				MTL_ENABLE_DEBUG_INFO = INCLUDE_SOURCE;
				MTL_FAST_MATH = YES;
				ONLY_ACTIVE_ARCH = YES;
				SDKROOT = macosx;
			};
			name = Debug;
		};
		8539243B2267CA1000574E6D /* Release */ = {
			isa = XCBuildConfiguration;
			buildSettings = {
				ALWAYS_SEARCH_USER_PATHS = NO;
				CLANG_ANALYZER_NONNULL = YES;
				CLANG_ANALYZER_NUMBER_OBJECT_CONVERSION = YES_AGGRESSIVE;
				CLANG_CXX_LANGUAGE_STANDARD = "gnu++14";
				CLANG_CXX_LIBRARY = "libc++";
				CLANG_ENABLE_MODULES = YES;
				CLANG_ENABLE_OBJC_ARC = YES;
				CLANG_ENABLE_OBJC_WEAK = YES;
				CLANG_WARN_BLOCK_CAPTURE_AUTORELEASING = YES;
				CLANG_WARN_BOOL_CONVERSION = YES;
				CLANG_WARN_COMMA = YES;
				CLANG_WARN_CONSTANT_CONVERSION = YES;
				CLANG_WARN_DEPRECATED_OBJC_IMPLEMENTATIONS = YES;
				CLANG_WARN_DIRECT_OBJC_ISA_USAGE = YES_ERROR;
				CLANG_WARN_DOCUMENTATION_COMMENTS = YES;
				CLANG_WARN_EMPTY_BODY = YES;
				CLANG_WARN_ENUM_CONVERSION = YES;
				CLANG_WARN_INFINITE_RECURSION = YES;
				CLANG_WARN_INT_CONVERSION = YES;
				CLANG_WARN_NON_LITERAL_NULL_CONVERSION = YES;
				CLANG_WARN_OBJC_IMPLICIT_RETAIN_SELF = YES;
				CLANG_WARN_OBJC_LITERAL_CONVERSION = YES;
				CLANG_WARN_OBJC_ROOT_CLASS = YES_ERROR;
				CLANG_WARN_RANGE_LOOP_ANALYSIS = YES;
				CLANG_WARN_STRICT_PROTOTYPES = YES;
				CLANG_WARN_SUSPICIOUS_MOVE = YES;
				CLANG_WARN_UNGUARDED_AVAILABILITY = YES_AGGRESSIVE;
				CLANG_WARN_UNREACHABLE_CODE = YES;
				CLANG_WARN__DUPLICATE_METHOD_MATCH = YES;
				CODE_SIGN_IDENTITY = "-";
				COPY_PHASE_STRIP = NO;
				DEBUG_INFORMATION_FORMAT = "dwarf-with-dsym";
				ENABLE_NS_ASSERTIONS = NO;
				ENABLE_STRICT_OBJC_MSGSEND = YES;
				GCC_C_LANGUAGE_STANDARD = gnu11;
				GCC_NO_COMMON_BLOCKS = YES;
				GCC_WARN_64_TO_32_BIT_CONVERSION = YES;
				GCC_WARN_ABOUT_RETURN_TYPE = YES_ERROR;
				GCC_WARN_UNDECLARED_SELECTOR = YES;
				GCC_WARN_UNINITIALIZED_AUTOS = YES_AGGRESSIVE;
				GCC_WARN_UNUSED_FUNCTION = YES;
				GCC_WARN_UNUSED_VARIABLE = YES;
				MACOSX_DEPLOYMENT_TARGET = 10.14;
				MTL_ENABLE_DEBUG_INFO = NO;
				MTL_FAST_MATH = YES;
				SDKROOT = macosx;
			};
			name = Release;
		};
		8539243D2267CA1000574E6D /* Debug */ = {
			isa = XCBuildConfiguration;
			buildSettings = {
				CODE_SIGN_STYLE = Automatic;
				PRODUCT_NAME = "$(TARGET_NAME)";
			};
			name = Debug;
		};
		8539243E2267CA1000574E6D /* Release */ = {
			isa = XCBuildConfiguration;
			buildSettings = {
				CODE_SIGN_STYLE = Automatic;
				PRODUCT_NAME = "$(TARGET_NAME)";
			};
			name = Release;
		};
/* End XCBuildConfiguration section */

/* Begin XCConfigurationList section */
		853924302267CA1000574E6D /* Build configuration list for PBXProject "Assignment3PartB" */ = {
			isa = XCConfigurationList;
			buildConfigurations = (
				8539243A2267CA1000574E6D /* Debug */,
				8539243B2267CA1000574E6D /* Release */,
			);
			defaultConfigurationIsVisible = 0;
			defaultConfigurationName = Release;
		};
		8539243C2267CA1000574E6D /* Build configuration list for PBXNativeTarget "Assignment3PartB" */ = {
			isa = XCConfigurationList;
			buildConfigurations = (
				8539243D2267CA1000574E6D /* Debug */,
				8539243E2267CA1000574E6D /* Release */,
			);
			defaultConfigurationIsVisible = 0;
			defaultConfigurationName = Release;
		};
/* End XCConfigurationList section */
	};
	rootObject = 8539242D2267CA1000574E6D /* Project object */;
}
